name: update flake lock

on:
  push:
    branches:
      - main
  workflow_dispatch: # allows manual triggering
  schedule:
    - cron: "0 0 * * *"

concurrency:
  group: update-flake-lock
  cancel-in-progress: true

jobs:
  lockfile:
    runs-on: ubuntu-latest
    name: Update Lockfile
    steps:
      - name: Checkout repository
        uses: actions/checkout@v4

      - name: Install Nix
        uses: nixbuild/nix-quick-install-action@v30
        with:
          nix_conf: |
            accept-flake-config = true

      - name: Update flake.lock
        uses: DeterminateSystems/update-flake-lock@main
        with:
          token: ${{ secrets.GH_TOKEN_FOR_UPDATES }} # https://github.com/DeterminateSystems/update-flake-lock#with-a-personal-authentication-token
          pr-title: "Update flake.lock"
          pr-labels: |
            dependencies
